Microsoft Visual Studio Solution File, Format Version 12.00
# Visual Studio Version 17
VisualStudioVersion = 17.5.2.0
MinimumVisualStudioVersion = 10.0.40219.1
Project("{FAE04EC0-301F-11D3-BF4B-00C04F79EFBC}") = "MySchoolAPI", "MySchoolAPI.csproj", "{DE39C125-FBEB-8BD8-1EFF-C03DFC51704A}"
EndProject
Global
	GlobalSection(SolutionConfigurationPlatforms) = preSolution
		Debug|Any CPU = Debug|Any CPU
		Release|Any CPU = Release|Any CPU
	EndGlobalSection
	GlobalSection(ProjectConfigurationPlatforms) = postSolution
		{DE39C125-FBEB-8BD8-1EFF-C03DFC51704A}.Debug|Any CPU.ActiveCfg = Debug|Any CPU
		{DE39C125-FBEB-8BD8-1EFF-C03DFC51704A}.Debug|Any CPU.Build.0 = Debug|Any CPU
		{DE39C125-FBEB-8BD8-1EFF-C03DFC51704A}.Release|Any CPU.ActiveCfg = Release|Any CPU
		{DE39C125-FBEB-8BD8-1EFF-C03DFC51704A}.Release|Any CPU.Build.0 = Release|Any CPU
	EndGlobalSection
	GlobalSection(SolutionProperties) = preSolution
		HideSolutionNode = FALSE
	EndGlobalSection
	GlobalSection(ExtensibilityGlobals) = postSolution
		SolutionGuid = {94313710-F598-42E9-BCA9-B584018965E7}
	EndGlobalSection
EndGlobal
